
Microsoft Visual Studio Solution File, Format Version 12.00
# Visual Studio Version 16
VisualStudioVersion = 16.0.30011.22
MinimumVisualStudioVersion = 10.0.40219.1
Project("{FAE04EC0-301F-11D3-BF4B-00C04F79EFBC}") = "Exo1", "ExoFiche3\Exo1.csproj", "{4C338BE4-456F-4C41-95AF-B1B24BBA6D16}"
EndProject
Project("{FAE04EC0-301F-11D3-BF4B-00C04F79EFBC}") = "Exo2", "Exo2\Exo2.csproj", "{5063BC79-2AA8-4ED4-A71D-967E475B1B74}"
EndProject
Global
	GlobalSection(SolutionConfigurationPlatforms) = preSolution
		Debug|Any CPU = Debug|Any CPU
		Release|Any CPU = Release|Any CPU
	EndGlobalSection
	GlobalSection(ProjectConfigurationPlatforms) = postSolution
		{4C338BE4-456F-4C41-95AF-B1B24BBA6D16}.Debug|Any CPU.ActiveCfg = Debug|Any CPU
		{4C338BE4-456F-4C41-95AF-B1B24BBA6D16}.Debug|Any CPU.Build.0 = Debug|Any CPU
		{4C338BE4-456F-4C41-95AF-B1B24BBA6D16}.Release|Any CPU.ActiveCfg = Release|Any CPU
		{4C338BE4-456F-4C41-95AF-B1B24BBA6D16}.Release|Any CPU.Build.0 = Release|Any CPU
		{5063BC79-2AA8-4ED4-A71D-967E475B1B74}.Debug|Any CPU.ActiveCfg = Debug|Any CPU
		{5063BC79-2AA8-4ED4-A71D-967E475B1B74}.Debug|Any CPU.Build.0 = Debug|Any CPU
		{5063BC79-2AA8-4ED4-A71D-967E475B1B74}.Release|Any CPU.ActiveCfg = Release|Any CPU
		{5063BC79-2AA8-4ED4-A71D-967E475B1B74}.Release|Any CPU.Build.0 = Release|Any CPU
	EndGlobalSection
	GlobalSection(SolutionProperties) = preSolution
		HideSolutionNode = FALSE
	EndGlobalSection
	GlobalSection(ExtensibilityGlobals) = postSolution
		SolutionGuid = {BA8A951A-5EAB-4B47-8E37-7975FD9579BC}
	EndGlobalSection
EndGlobal
