
Microsoft Visual Studio Solution File, Format Version 12.00
# Visual Studio Version 16
VisualStudioVersion = 16.0.30011.22
MinimumVisualStudioVersion = 10.0.40219.1
Project("{FAE04EC0-301F-11D3-BF4B-00C04F79EFBC}") = "Personnes", "Personnes\Personnes.csproj", "{ACD5A06E-38BD-485A-909A-524A369E020E}"
EndProject
Project("{FAE04EC0-301F-11D3-BF4B-00C04F79EFBC}") = "SocieteTableau", "SocieteTableau\SocieteTableau.csproj", "{75286C1E-B247-4C50-8D62-CA812A00D8C7}"
EndProject
Project("{FAE04EC0-301F-11D3-BF4B-00C04F79EFBC}") = "SocieteListe", "SocieteListe\SocieteListe.csproj", "{3BFE0123-43C1-4CE6-9589-C79EDC241F47}"
EndProject
Global
	GlobalSection(SolutionConfigurationPlatforms) = preSolution
		Debug|Any CPU = Debug|Any CPU
		Release|Any CPU = Release|Any CPU
	EndGlobalSection
	GlobalSection(ProjectConfigurationPlatforms) = postSolution
		{ACD5A06E-38BD-485A-909A-524A369E020E}.Debug|Any CPU.ActiveCfg = Debug|Any CPU
		{ACD5A06E-38BD-485A-909A-524A369E020E}.Debug|Any CPU.Build.0 = Debug|Any CPU
		{ACD5A06E-38BD-485A-909A-524A369E020E}.Release|Any CPU.ActiveCfg = Release|Any CPU
		{ACD5A06E-38BD-485A-909A-524A369E020E}.Release|Any CPU.Build.0 = Release|Any CPU
		{75286C1E-B247-4C50-8D62-CA812A00D8C7}.Debug|Any CPU.ActiveCfg = Debug|Any CPU
		{75286C1E-B247-4C50-8D62-CA812A00D8C7}.Debug|Any CPU.Build.0 = Debug|Any CPU
		{75286C1E-B247-4C50-8D62-CA812A00D8C7}.Release|Any CPU.ActiveCfg = Release|Any CPU
		{75286C1E-B247-4C50-8D62-CA812A00D8C7}.Release|Any CPU.Build.0 = Release|Any CPU
		{3BFE0123-43C1-4CE6-9589-C79EDC241F47}.Debug|Any CPU.ActiveCfg = Debug|Any CPU
		{3BFE0123-43C1-4CE6-9589-C79EDC241F47}.Debug|Any CPU.Build.0 = Debug|Any CPU
		{3BFE0123-43C1-4CE6-9589-C79EDC241F47}.Release|Any CPU.ActiveCfg = Release|Any CPU
		{3BFE0123-43C1-4CE6-9589-C79EDC241F47}.Release|Any CPU.Build.0 = Release|Any CPU
	EndGlobalSection
	GlobalSection(SolutionProperties) = preSolution
		HideSolutionNode = FALSE
	EndGlobalSection
	GlobalSection(ExtensibilityGlobals) = postSolution
		SolutionGuid = {B771A2C7-BB5B-4700-B7B8-8F9532083660}
	EndGlobalSection
EndGlobal
