
Microsoft Visual Studio Solution File, Format Version 12.00
# Visual Studio Version 16
VisualStudioVersion = 16.0.30011.22
MinimumVisualStudioVersion = 10.0.40219.1
Project("{9A19103F-16F7-4668-BE54-9A1E7A4F7556}") = "Personnes", "Personnes\Personnes.csproj", "{ACD5A06E-38BD-485A-909A-524A369E020E}"
EndProject
Project("{9A19103F-16F7-4668-BE54-9A1E7A4F7556}") = "SocieteTableau", "SocieteTableau\SocieteTableau.csproj", "{75286C1E-B247-4C50-8D62-CA812A00D8C7}"
EndProject
Project("{9A19103F-16F7-4668-BE54-9A1E7A4F7556}") = "SocieteListe", "SocieteListe\SocieteListe.csproj", "{3BFE0123-43C1-4CE6-9589-C79EDC241F47}"
EndProject
Project("{9A19103F-16F7-4668-BE54-9A1E7A4F7556}") = "SocieteEnumeration", "SocieteEnumeration\SocieteEnumeration.csproj", "{12B50418-3334-4071-BF31-0217283F536E}"
EndProject
Project("{9A19103F-16F7-4668-BE54-9A1E7A4F7556}") = "Exo1Fiche3", "..\Fiche3\Fiche3\Exo1Fiche3.csproj", "{1E788619-7B92-4EB9-9CA2-58B7A0BD43F9}"
EndProject
Project("{9A19103F-16F7-4668-BE54-9A1E7A4F7556}") = "Exo2Fiche3", "..\Fiche3\Exo2\Exo2Fiche3.csproj", "{F7FDE18F-FB3B-4856-8968-DCFF21B58B84}"
EndProject
Project("{9A19103F-16F7-4668-BE54-9A1E7A4F7556}") = "Exo3Fiche3", "..\Fiche3\Exo3\Exo3Fiche3.csproj", "{7DEB9FFA-0F3F-45F1-BDBF-1B18354F7321}"
EndProject
Project("{9A19103F-16F7-4668-BE54-9A1E7A4F7556}") = "Exo4Fiche3", "..\Fiche3\Exo4\Exo4Fiche3.csproj", "{49FD4441-EEA9-445A-9E6D-A6E408B6EABC}"
EndProject
Global
	GlobalSection(SolutionConfigurationPlatforms) = preSolution
		Debug|Any CPU = Debug|Any CPU
		Release|Any CPU = Release|Any CPU
	EndGlobalSection
	GlobalSection(ProjectConfigurationPlatforms) = postSolution
		{ACD5A06E-38BD-485A-909A-524A369E020E}.Debug|Any CPU.ActiveCfg = Debug|Any CPU
		{ACD5A06E-38BD-485A-909A-524A369E020E}.Debug|Any CPU.Build.0 = Debug|Any CPU
		{ACD5A06E-38BD-485A-909A-524A369E020E}.Release|Any CPU.ActiveCfg = Release|Any CPU
		{ACD5A06E-38BD-485A-909A-524A369E020E}.Release|Any CPU.Build.0 = Release|Any CPU
		{75286C1E-B247-4C50-8D62-CA812A00D8C7}.Debug|Any CPU.ActiveCfg = Debug|Any CPU
		{75286C1E-B247-4C50-8D62-CA812A00D8C7}.Debug|Any CPU.Build.0 = Debug|Any CPU
		{75286C1E-B247-4C50-8D62-CA812A00D8C7}.Release|Any CPU.ActiveCfg = Release|Any CPU
		{75286C1E-B247-4C50-8D62-CA812A00D8C7}.Release|Any CPU.Build.0 = Release|Any CPU
		{3BFE0123-43C1-4CE6-9589-C79EDC241F47}.Debug|Any CPU.ActiveCfg = Debug|Any CPU
		{3BFE0123-43C1-4CE6-9589-C79EDC241F47}.Debug|Any CPU.Build.0 = Debug|Any CPU
		{3BFE0123-43C1-4CE6-9589-C79EDC241F47}.Release|Any CPU.ActiveCfg = Release|Any CPU
		{3BFE0123-43C1-4CE6-9589-C79EDC241F47}.Release|Any CPU.Build.0 = Release|Any CPU
		{12B50418-3334-4071-BF31-0217283F536E}.Debug|Any CPU.ActiveCfg = Debug|Any CPU
		{12B50418-3334-4071-BF31-0217283F536E}.Debug|Any CPU.Build.0 = Debug|Any CPU
		{12B50418-3334-4071-BF31-0217283F536E}.Release|Any CPU.ActiveCfg = Release|Any CPU
		{12B50418-3334-4071-BF31-0217283F536E}.Release|Any CPU.Build.0 = Release|Any CPU
		{1E788619-7B92-4EB9-9CA2-58B7A0BD43F9}.Debug|Any CPU.ActiveCfg = Debug|Any CPU
		{1E788619-7B92-4EB9-9CA2-58B7A0BD43F9}.Debug|Any CPU.Build.0 = Debug|Any CPU
		{1E788619-7B92-4EB9-9CA2-58B7A0BD43F9}.Release|Any CPU.ActiveCfg = Release|Any CPU
		{1E788619-7B92-4EB9-9CA2-58B7A0BD43F9}.Release|Any CPU.Build.0 = Release|Any CPU
		{F7FDE18F-FB3B-4856-8968-DCFF21B58B84}.Debug|Any CPU.ActiveCfg = Debug|Any CPU
		{F7FDE18F-FB3B-4856-8968-DCFF21B58B84}.Debug|Any CPU.Build.0 = Debug|Any CPU
		{F7FDE18F-FB3B-4856-8968-DCFF21B58B84}.Release|Any CPU.ActiveCfg = Release|Any CPU
		{F7FDE18F-FB3B-4856-8968-DCFF21B58B84}.Release|Any CPU.Build.0 = Release|Any CPU
		{7DEB9FFA-0F3F-45F1-BDBF-1B18354F7321}.Debug|Any CPU.ActiveCfg = Debug|Any CPU
		{7DEB9FFA-0F3F-45F1-BDBF-1B18354F7321}.Debug|Any CPU.Build.0 = Debug|Any CPU
		{7DEB9FFA-0F3F-45F1-BDBF-1B18354F7321}.Release|Any CPU.ActiveCfg = Release|Any CPU
		{7DEB9FFA-0F3F-45F1-BDBF-1B18354F7321}.Release|Any CPU.Build.0 = Release|Any CPU
		{49FD4441-EEA9-445A-9E6D-A6E408B6EABC}.Debug|Any CPU.ActiveCfg = Debug|Any CPU
		{49FD4441-EEA9-445A-9E6D-A6E408B6EABC}.Debug|Any CPU.Build.0 = Debug|Any CPU
		{49FD4441-EEA9-445A-9E6D-A6E408B6EABC}.Release|Any CPU.ActiveCfg = Release|Any CPU
		{49FD4441-EEA9-445A-9E6D-A6E408B6EABC}.Release|Any CPU.Build.0 = Release|Any CPU
	EndGlobalSection
	GlobalSection(SolutionProperties) = preSolution
		HideSolutionNode = FALSE
	EndGlobalSection
	GlobalSection(ExtensibilityGlobals) = postSolution
		SolutionGuid = {B771A2C7-BB5B-4700-B7B8-8F9532083660}
	EndGlobalSection
EndGlobal
